# THIS IS AN AUTOGENERATED FILE. DO NOT EDIT THIS FILE DIRECTLY.
# yarn lockfile v1


hi-base32@^0.5.0:
  version "0.5.0"
  resolved "https://registry.yarnpkg.com/hi-base32/-/hi-base32-0.5.0.tgz#61329f76a31f31008533f1c36f2473e259d64571"
  integrity sha512-DDRmxSyoYuvjUb9EnXdoiMChBZ7ZcUVJsK5Frd3kqMhuBxvmZdnBeynAVfj7/ECbn++CekcoprvC/rprHPAtow==
